// !$*UTF8*$!
{
	archiveVersion = 1;
	classes = {
	};
	objectVersion = 60;
	objects = {

/* Begin PBXBuildFile section */
		262469912C83635B00B7D580 /* AppDelegate.swift in Sources */ = {isa = PBXBuildFile; fileRef = 262469902C83635B00B7D580 /* AppDelegate.swift */; };
		262469932C83635B00B7D580 /* SceneDelegate.swift in Sources */ = {isa = PBXBuildFile; fileRef = 262469922C83635B00B7D580 /* SceneDelegate.swift */; };
		262469952C83635B00B7D580 /* MainViewController.swift in Sources */ = {isa = PBXBuildFile; fileRef = 262469942C83635B00B7D580 /* MainViewController.swift */; };
		2624699A2C83635C00B7D580 /* Assets.xcassets in Resources */ = {isa = PBXBuildFile; fileRef = 262469992C83635C00B7D580 /* Assets.xcassets */; };
		2624699D2C83635C00B7D580 /* Base in Resources */ = {isa = PBXBuildFile; fileRef = 2624699C2C83635C00B7D580 /* Base */; };
		262469A72C83643800B7D580 /* NetworkService.swift in Sources */ = {isa = PBXBuildFile; fileRef = 262469A62C83643800B7D580 /* NetworkService.swift */; };
		262469AA2C83652F00B7D580 /* MainScreenAssembly.swift in Sources */ = {isa = PBXBuildFile; fileRef = 262469A92C83652F00B7D580 /* MainScreenAssembly.swift */; };
		262469AC2C83658C00B7D580 /* MainScreenPresenter.swift in Sources */ = {isa = PBXBuildFile; fileRef = 262469AB2C83658C00B7D580 /* MainScreenPresenter.swift */; };
		262469AF2C83660800B7D580 /* MainScreenCell.swift in Sources */ = {isa = PBXBuildFile; fileRef = 262469AE2C83660800B7D580 /* MainScreenCell.swift */; };
		262469B32C83687F00B7D580 /* Skeletonable.swift in Sources */ = {isa = PBXBuildFile; fileRef = 262469B22C83687F00B7D580 /* Skeletonable.swift */; };
		262469B52C836A3C00B7D580 /* URLSession+Protocol.swift in Sources */ = {isa = PBXBuildFile; fileRef = 262469B42C836A3C00B7D580 /* URLSession+Protocol.swift */; };
		262469B82C838CC800B7D580 /* BaseRequest.swift in Sources */ = {isa = PBXBuildFile; fileRef = 262469B72C838CC800B7D580 /* BaseRequest.swift */; };
		262469BB2C8393E400B7D580 /* BaseModel.swift in Sources */ = {isa = PBXBuildFile; fileRef = 262469BA2C8393E400B7D580 /* BaseModel.swift */; };
		262469BD2C83954A00B7D580 /* GraffitiRequest.swift in Sources */ = {isa = PBXBuildFile; fileRef = 262469BC2C83954A00B7D580 /* GraffitiRequest.swift */; };
		262469C32C84B02800B7D580 /* UIView+Extension.swift in Sources */ = {isa = PBXBuildFile; fileRef = 262469C22C84B02800B7D580 /* UIView+Extension.swift */; };
		262469C52C84B28D00B7D580 /* ImageTagsView.swift in Sources */ = {isa = PBXBuildFile; fileRef = 262469C42C84B28D00B7D580 /* ImageTagsView.swift */; };
		262469C72C862B9200B7D580 /* ServiceLocator.swift in Sources */ = {isa = PBXBuildFile; fileRef = 262469C62C862B9200B7D580 /* ServiceLocator.swift */; };
		264EF8E72C8B005400351ACA /* MainScreenCellPresenter.swift in Sources */ = {isa = PBXBuildFile; fileRef = 264EF8E62C8B005400351ACA /* MainScreenCellPresenter.swift */; };
		264EF8E92C8B2E3900351ACA /* MainScreenConfig.swift in Sources */ = {isa = PBXBuildFile; fileRef = 264EF8E82C8B2E3900351ACA /* MainScreenConfig.swift */; };
		266BF9C82C8891580073AE94 /* UIImage+Extensions.swift in Sources */ = {isa = PBXBuildFile; fileRef = 266BF9C72C8891580073AE94 /* UIImage+Extensions.swift */; };
		266BF9CA2C88C2C90073AE94 /* Array+Extensions.swift in Sources */ = {isa = PBXBuildFile; fileRef = 266BF9C92C88C2C90073AE94 /* Array+Extensions.swift */; };
		266BF9CD2C88DEA50073AE94 /* DetailedViewController.swift in Sources */ = {isa = PBXBuildFile; fileRef = 266BF9CC2C88DEA50073AE94 /* DetailedViewController.swift */; };
		266BF9CF2C88DEF70073AE94 /* DetailedScreenAssembly.swift in Sources */ = {isa = PBXBuildFile; fileRef = 266BF9CE2C88DEF70073AE94 /* DetailedScreenAssembly.swift */; };
		266BF9D12C88DFA30073AE94 /* DetailedScreenPresenter.swift in Sources */ = {isa = PBXBuildFile; fileRef = 266BF9D02C88DFA30073AE94 /* DetailedScreenPresenter.swift */; };
		266BF9D32C88E4D40073AE94 /* MainScreenRouter.swift in Sources */ = {isa = PBXBuildFile; fileRef = 266BF9D22C88E4D40073AE94 /* MainScreenRouter.swift */; };
		266BF9D52C88E53D0073AE94 /* DetailedScreenConfig.swift in Sources */ = {isa = PBXBuildFile; fileRef = 266BF9D42C88E53D0073AE94 /* DetailedScreenConfig.swift */; };
		266BF9D72C88E7AF0073AE94 /* String+Extensions.swift in Sources */ = {isa = PBXBuildFile; fileRef = 266BF9D62C88E7AF0073AE94 /* String+Extensions.swift */; };
		26E2EB732C8712680093DB51 /* URLSessionDataTask+Cancelable.swift in Sources */ = {isa = PBXBuildFile; fileRef = 26E2EB722C8712680093DB51 /* URLSessionDataTask+Cancelable.swift */; };
		26E2EB772C8757800093DB51 /* MainScreenService.swift in Sources */ = {isa = PBXBuildFile; fileRef = 26E2EB762C8757800093DB51 /* MainScreenService.swift */; };
		26E2EB792C877B180093DB51 /* MainCellConfig.swift in Sources */ = {isa = PBXBuildFile; fileRef = 26E2EB782C877B180093DB51 /* MainCellConfig.swift */; };
		26E2EB7B2C8785680093DB51 /* MainScreenError.swift in Sources */ = {isa = PBXBuildFile; fileRef = 26E2EB7A2C8785680093DB51 /* MainScreenError.swift */; };
		9E4EAEAB2D61D3F100916A77 /* XCTest.framework in Frameworks */ = {isa = PBXBuildFile; fileRef = 9E4EAEAA2D61D3F100916A77 /* XCTest.framework */; };
		9E4EAEAC2D61D3F100916A77 /* XCTest.framework in Embed Frameworks */ = {isa = PBXBuildFile; fileRef = 9E4EAEAA2D61D3F100916A77 /* XCTest.framework */; settings = {ATTRIBUTES = (CodeSignOnCopy, RemoveHeadersOnCopy, ); }; };
		9E4EAEB12D61D41C00916A77 /* SampleCodeUnitTests.swift in Sources */ = {isa = PBXBuildFile; fileRef = 9E4EAEAF2D61D41C00916A77 /* SampleCodeUnitTests.swift */; };
		9E4EAEB62D61D47400916A77 /* SampleCodeUITests.swift in Sources */ = {isa = PBXBuildFile; fileRef = 9E4EAEB42D61D47400916A77 /* SampleCodeUITests.swift */; };
		9E4EAEBB2D61D54300916A77 /* UITableView+Extenstion.swift in Sources */ = {isa = PBXBuildFile; fileRef = 9E4EAEB82D61D54300916A77 /* UITableView+Extenstion.swift */; };
/* End PBXBuildFile section */

/* Begin PBXCopyFilesBuildPhase section */
		9E4EAEAD2D61D3F100916A77 /* Embed Frameworks */ = {
			isa = PBXCopyFilesBuildPhase;
			buildActionMask = 2147483647;
			dstPath = "";
			dstSubfolderSpec = 10;
			files = (
				9E4EAEAC2D61D3F100916A77 /* XCTest.framework in Embed Frameworks */,
			);
			name = "Embed Frameworks";
			runOnlyForDeploymentPostprocessing = 0;
		};
/* End PBXCopyFilesBuildPhase section */

/* Begin PBXFileReference section */
		2624698D2C83635B00B7D580 /* Test.app */ = {isa = PBXFileReference; explicitFileType = wrapper.application; includeInIndex = 0; path = Test.app; sourceTree = BUILT_PRODUCTS_DIR; };
		262469902C83635B00B7D580 /* AppDelegate.swift */ = {isa = PBXFileReference; lastKnownFileType = sourcecode.swift; path = AppDelegate.swift; sourceTree = "<group>"; };
		262469922C83635B00B7D580 /* SceneDelegate.swift */ = {isa = PBXFileReference; lastKnownFileType = sourcecode.swift; path = SceneDelegate.swift; sourceTree = "<group>"; };
		262469942C83635B00B7D580 /* MainViewController.swift */ = {isa = PBXFileReference; lastKnownFileType = sourcecode.swift; path = MainViewController.swift; sourceTree = "<group>"; };
		262469992C83635C00B7D580 /* Assets.xcassets */ = {isa = PBXFileReference; lastKnownFileType = folder.assetcatalog; path = Assets.xcassets; sourceTree = "<group>"; };
		2624699C2C83635C00B7D580 /* Base */ = {isa = PBXFileReference; lastKnownFileType = file.storyboard; name = Base; path = Base.lproj/LaunchScreen.storyboard; sourceTree = "<group>"; };
		2624699E2C83635C00B7D580 /* Info.plist */ = {isa = PBXFileReference; lastKnownFileType = text.plist.xml; path = Info.plist; sourceTree = "<group>"; };
		262469A62C83643800B7D580 /* NetworkService.swift */ = {isa = PBXFileReference; lastKnownFileType = sourcecode.swift; path = NetworkService.swift; sourceTree = "<group>"; };
		262469A92C83652F00B7D580 /* MainScreenAssembly.swift */ = {isa = PBXFileReference; lastKnownFileType = sourcecode.swift; path = MainScreenAssembly.swift; sourceTree = "<group>"; };
		262469AB2C83658C00B7D580 /* MainScreenPresenter.swift */ = {isa = PBXFileReference; lastKnownFileType = sourcecode.swift; path = MainScreenPresenter.swift; sourceTree = "<group>"; };
		262469AE2C83660800B7D580 /* MainScreenCell.swift */ = {isa = PBXFileReference; lastKnownFileType = sourcecode.swift; path = MainScreenCell.swift; sourceTree = "<group>"; };
		262469B22C83687F00B7D580 /* Skeletonable.swift */ = {isa = PBXFileReference; lastKnownFileType = sourcecode.swift; path = Skeletonable.swift; sourceTree = "<group>"; };
		262469B42C836A3C00B7D580 /* URLSession+Protocol.swift */ = {isa = PBXFileReference; lastKnownFileType = sourcecode.swift; path = "URLSession+Protocol.swift"; sourceTree = "<group>"; };
		262469B72C838CC800B7D580 /* BaseRequest.swift */ = {isa = PBXFileReference; lastKnownFileType = sourcecode.swift; path = BaseRequest.swift; sourceTree = "<group>"; };
		262469BA2C8393E400B7D580 /* BaseModel.swift */ = {isa = PBXFileReference; lastKnownFileType = sourcecode.swift; path = BaseModel.swift; sourceTree = "<group>"; };
		262469BC2C83954A00B7D580 /* GraffitiRequest.swift */ = {isa = PBXFileReference; lastKnownFileType = sourcecode.swift; path = GraffitiRequest.swift; sourceTree = "<group>"; };
		262469C22C84B02800B7D580 /* UIView+Extension.swift */ = {isa = PBXFileReference; lastKnownFileType = sourcecode.swift; path = "UIView+Extension.swift"; sourceTree = "<group>"; };
		262469C42C84B28D00B7D580 /* ImageTagsView.swift */ = {isa = PBXFileReference; lastKnownFileType = sourcecode.swift; path = ImageTagsView.swift; sourceTree = "<group>"; };
		262469C62C862B9200B7D580 /* ServiceLocator.swift */ = {isa = PBXFileReference; lastKnownFileType = sourcecode.swift; path = ServiceLocator.swift; sourceTree = "<group>"; };
		264EF8E62C8B005400351ACA /* MainScreenCellPresenter.swift */ = {isa = PBXFileReference; lastKnownFileType = sourcecode.swift; path = MainScreenCellPresenter.swift; sourceTree = "<group>"; };
		264EF8E82C8B2E3900351ACA /* MainScreenConfig.swift */ = {isa = PBXFileReference; lastKnownFileType = sourcecode.swift; path = MainScreenConfig.swift; sourceTree = "<group>"; };
		266BF9C72C8891580073AE94 /* UIImage+Extensions.swift */ = {isa = PBXFileReference; lastKnownFileType = sourcecode.swift; path = "UIImage+Extensions.swift"; sourceTree = "<group>"; };
		266BF9C92C88C2C90073AE94 /* Array+Extensions.swift */ = {isa = PBXFileReference; lastKnownFileType = sourcecode.swift; path = "Array+Extensions.swift"; sourceTree = "<group>"; };
		266BF9CC2C88DEA50073AE94 /* DetailedViewController.swift */ = {isa = PBXFileReference; lastKnownFileType = sourcecode.swift; path = DetailedViewController.swift; sourceTree = "<group>"; };
		266BF9CE2C88DEF70073AE94 /* DetailedScreenAssembly.swift */ = {isa = PBXFileReference; lastKnownFileType = sourcecode.swift; path = DetailedScreenAssembly.swift; sourceTree = "<group>"; };
		266BF9D02C88DFA30073AE94 /* DetailedScreenPresenter.swift */ = {isa = PBXFileReference; lastKnownFileType = sourcecode.swift; path = DetailedScreenPresenter.swift; sourceTree = "<group>"; };
		266BF9D22C88E4D40073AE94 /* MainScreenRouter.swift */ = {isa = PBXFileReference; lastKnownFileType = sourcecode.swift; path = MainScreenRouter.swift; sourceTree = "<group>"; };
		266BF9D42C88E53D0073AE94 /* DetailedScreenConfig.swift */ = {isa = PBXFileReference; lastKnownFileType = sourcecode.swift; path = DetailedScreenConfig.swift; sourceTree = "<group>"; };
		266BF9D62C88E7AF0073AE94 /* String+Extensions.swift */ = {isa = PBXFileReference; lastKnownFileType = sourcecode.swift; path = "String+Extensions.swift"; sourceTree = "<group>"; };
		26E2EB722C8712680093DB51 /* URLSessionDataTask+Cancelable.swift */ = {isa = PBXFileReference; lastKnownFileType = sourcecode.swift; path = "URLSessionDataTask+Cancelable.swift"; sourceTree = "<group>"; };
		26E2EB762C8757800093DB51 /* MainScreenService.swift */ = {isa = PBXFileReference; lastKnownFileType = sourcecode.swift; path = MainScreenService.swift; sourceTree = "<group>"; };
		26E2EB782C877B180093DB51 /* MainCellConfig.swift */ = {isa = PBXFileReference; lastKnownFileType = sourcecode.swift; path = MainCellConfig.swift; sourceTree = "<group>"; };
		26E2EB7A2C8785680093DB51 /* MainScreenError.swift */ = {isa = PBXFileReference; lastKnownFileType = sourcecode.swift; path = MainScreenError.swift; sourceTree = "<group>"; };
		9E4EAEAA2D61D3F100916A77 /* XCTest.framework */ = {isa = PBXFileReference; lastKnownFileType = wrapper.framework; name = XCTest.framework; path = Platforms/iPhoneOS.platform/Developer/Library/Frameworks/XCTest.framework; sourceTree = DEVELOPER_DIR; };
		9E4EAEAF2D61D41C00916A77 /* SampleCodeUnitTests.swift */ = {isa = PBXFileReference; lastKnownFileType = sourcecode.swift; path = SampleCodeUnitTests.swift; sourceTree = "<group>"; };
		9E4EAEB42D61D47400916A77 /* SampleCodeUITests.swift */ = {isa = PBXFileReference; lastKnownFileType = sourcecode.swift; path = SampleCodeUITests.swift; sourceTree = "<group>"; };
		9E4EAEB82D61D54300916A77 /* UITableView+Extenstion.swift */ = {isa = PBXFileReference; lastKnownFileType = sourcecode.swift; path = "UITableView+Extenstion.swift"; sourceTree = "<group>"; };
/* End PBXFileReference section */

/* Begin PBXFrameworksBuildPhase section */
		2624698A2C83635A00B7D580 /* Frameworks */ = {
			isa = PBXFrameworksBuildPhase;
			buildActionMask = 2147483647;
			files = (
				9E4EAEAB2D61D3F100916A77 /* XCTest.framework in Frameworks */,
			);
			runOnlyForDeploymentPostprocessing = 0;
		};
/* End PBXFrameworksBuildPhase section */

/* Begin PBXGroup section */
		262469842C83635A00B7D580 = {
			isa = PBXGroup;
			children = (
				2624698F2C83635B00B7D580 /* Test */,
				9E4EAEA92D61D3F100916A77 /* Frameworks */,
				2624698E2C83635B00B7D580 /* Products */,
			);
			sourceTree = "<group>";
		};
		2624698E2C83635B00B7D580 /* Products */ = {
			isa = PBXGroup;
			children = (
				2624698D2C83635B00B7D580 /* Test.app */,
			);
			name = Products;
			sourceTree = "<group>";
		};
		2624698F2C83635B00B7D580 /* Test */ = {
			isa = PBXGroup;
			children = (
				9E4EAEAE2D61D3FF00916A77 /* Tests */,
				264EF8E42C8AD41200351ACA /* Presentation */,
				262469B02C83673300B7D580 /* Helpers */,
				262469A52C83642200B7D580 /* Services */,
				9E4EAEB02D61D41C00916A77 /* SampleCodeUnitTests */,
				9E4EAEB52D61D47400916A77 /* SampleCodeUITests */,
				262469902C83635B00B7D580 /* AppDelegate.swift */,
				262469922C83635B00B7D580 /* SceneDelegate.swift */,
				262469992C83635C00B7D580 /* Assets.xcassets */,
				2624699B2C83635C00B7D580 /* LaunchScreen.storyboard */,
				2624699E2C83635C00B7D580 /* Info.plist */,
			);
			path = Test;
			sourceTree = "<group>";
		};
		262469A42C8363F900B7D580 /* MainScreen */ = {
			isa = PBXGroup;
			children = (
				264EF8E52C8B002700351ACA /* Cell */,
				262469B92C8393C800B7D580 /* Models */,
				262469B62C83714900B7D580 /* Requests */,
				262469A92C83652F00B7D580 /* MainScreenAssembly.swift */,
				262469942C83635B00B7D580 /* MainViewController.swift */,
				262469AB2C83658C00B7D580 /* MainScreenPresenter.swift */,
				26E2EB762C8757800093DB51 /* MainScreenService.swift */,
				266BF9D22C88E4D40073AE94 /* MainScreenRouter.swift */,
			);
			path = MainScreen;
			sourceTree = "<group>";
		};
		262469A52C83642200B7D580 /* Services */ = {
			isa = PBXGroup;
			children = (
				262469A62C83643800B7D580 /* NetworkService.swift */,
				262469C62C862B9200B7D580 /* ServiceLocator.swift */,
			);
			path = Services;
			sourceTree = "<group>";
		};
		262469B02C83673300B7D580 /* Helpers */ = {
			isa = PBXGroup;
			children = (
				9E4EAEB92D61D54300916A77 /* TableView */,
				262469B12C83673900B7D580 /* View */,
				262469B42C836A3C00B7D580 /* URLSession+Protocol.swift */,
				26E2EB722C8712680093DB51 /* URLSessionDataTask+Cancelable.swift */,
				266BF9C92C88C2C90073AE94 /* Array+Extensions.swift */,
				266BF9D62C88E7AF0073AE94 /* String+Extensions.swift */,
			);
			path = Helpers;
			sourceTree = "<group>";
		};
		262469B12C83673900B7D580 /* View */ = {
			isa = PBXGroup;
			children = (
				262469B22C83687F00B7D580 /* Skeletonable.swift */,
				262469C22C84B02800B7D580 /* UIView+Extension.swift */,
				266BF9C72C8891580073AE94 /* UIImage+Extensions.swift */,
			);
			path = View;
			sourceTree = "<group>";
		};
		262469B62C83714900B7D580 /* Requests */ = {
			isa = PBXGroup;
			children = (
				262469B72C838CC800B7D580 /* BaseRequest.swift */,
				262469BC2C83954A00B7D580 /* GraffitiRequest.swift */,
			);
			path = Requests;
			sourceTree = "<group>";
		};
		262469B92C8393C800B7D580 /* Models */ = {
			isa = PBXGroup;
			children = (
				262469BA2C8393E400B7D580 /* BaseModel.swift */,
				26E2EB782C877B180093DB51 /* MainCellConfig.swift */,
				26E2EB7A2C8785680093DB51 /* MainScreenError.swift */,
				264EF8E82C8B2E3900351ACA /* MainScreenConfig.swift */,
			);
			path = Models;
			sourceTree = "<group>";
		};
		264EF8E42C8AD41200351ACA /* Presentation */ = {
			isa = PBXGroup;
			children = (
				262469A42C8363F900B7D580 /* MainScreen */,
				266BF9CB2C88DE910073AE94 /* DetailedScreen */,
			);
			path = Presentation;
			sourceTree = "<group>";
		};
		264EF8E52C8B002700351ACA /* Cell */ = {
			isa = PBXGroup;
			children = (
				262469AE2C83660800B7D580 /* MainScreenCell.swift */,
				262469C42C84B28D00B7D580 /* ImageTagsView.swift */,
				264EF8E62C8B005400351ACA /* MainScreenCellPresenter.swift */,
			);
			path = Cell;
			sourceTree = "<group>";
		};
		266BF9CB2C88DE910073AE94 /* DetailedScreen */ = {
			isa = PBXGroup;
			children = (
				266BF9CC2C88DEA50073AE94 /* DetailedViewController.swift */,
				266BF9CE2C88DEF70073AE94 /* DetailedScreenAssembly.swift */,
				266BF9D02C88DFA30073AE94 /* DetailedScreenPresenter.swift */,
				266BF9D42C88E53D0073AE94 /* DetailedScreenConfig.swift */,
			);
			path = DetailedScreen;
			sourceTree = "<group>";
		};
		9E4EAEA92D61D3F100916A77 /* Frameworks */ = {
			isa = PBXGroup;
			children = (
				9E4EAEAA2D61D3F100916A77 /* XCTest.framework */,
			);
			name = Frameworks;
			sourceTree = "<group>";
		};
		9E4EAEAE2D61D3FF00916A77 /* Tests */ = {
			isa = PBXGroup;
			children = (
			);
			path = Tests;
			sourceTree = "<group>";
		};
		9E4EAEB02D61D41C00916A77 /* SampleCodeUnitTests */ = {
			isa = PBXGroup;
			children = (
				9E4EAEAF2D61D41C00916A77 /* SampleCodeUnitTests.swift */,
			);
			path = SampleCodeUnitTests;
			sourceTree = "<group>";
		};
		9E4EAEB52D61D47400916A77 /* SampleCodeUITests */ = {
			isa = PBXGroup;
			children = (
				9E4EAEB42D61D47400916A77 /* SampleCodeUITests.swift */,
			);
			path = SampleCodeUITests;
			sourceTree = "<group>";
		};
		9E4EAEB92D61D54300916A77 /* TableView */ = {
			isa = PBXGroup;
			children = (
				9E4EAEB82D61D54300916A77 /* UITableView+Extenstion.swift */,
			);
			path = TableView;
			sourceTree = "<group>";
		};
/* End PBXGroup section */

/* Begin PBXNativeTarget section */
		2624698C2C83635A00B7D580 /* Test */ = {
			isa = PBXNativeTarget;
			buildConfigurationList = 262469A12C83635C00B7D580 /* Build configuration list for PBXNativeTarget "Test" */;
			buildPhases = (
				262469892C83635A00B7D580 /* Sources */,
				2624698A2C83635A00B7D580 /* Frameworks */,
				2624698B2C83635A00B7D580 /* Resources */,
				9E4EAEAD2D61D3F100916A77 /* Embed Frameworks */,
			);
			buildRules = (
			);
			dependencies = (
			);
			name = Test;
			productName = Test;
			productReference = 2624698D2C83635B00B7D580 /* Test.app */;
			productType = "com.apple.product-type.application";
		};
/* End PBXNativeTarget section */

/* Begin PBXProject section */
		262469852C83635A00B7D580 /* Project object */ = {
			isa = PBXProject;
			attributes = {
				BuildIndependentTargetsInParallel = 1;
				LastSwiftUpdateCheck = 1600;
				LastUpgradeCheck = 1600;
				TargetAttributes = {
					2624698C2C83635A00B7D580 = {
						CreatedOnToolsVersion = 16.0;
					};
				};
			};
			buildConfigurationList = 262469882C83635A00B7D580 /* Build configuration list for PBXProject "Test" */;
			compatibilityVersion = "Xcode 15.0";
			developmentRegion = en;
			hasScannedForEncodings = 0;
			knownRegions = (
				en,
				Base,
			);
			mainGroup = 262469842C83635A00B7D580;
			productRefGroup = 2624698E2C83635B00B7D580 /* Products */;
			projectDirPath = "";
			projectRoot = "";
			targets = (
				2624698C2C83635A00B7D580 /* Test */,
			);
		};
/* End PBXProject section */

/* Begin PBXResourcesBuildPhase section */
		2624698B2C83635A00B7D580 /* Resources */ = {
			isa = PBXResourcesBuildPhase;
			buildActionMask = 2147483647;
			files = (
				2624699A2C83635C00B7D580 /* Assets.xcassets in Resources */,
				2624699D2C83635C00B7D580 /* Base in Resources */,
			);
			runOnlyForDeploymentPostprocessing = 0;
		};
/* End PBXResourcesBuildPhase section */

/* Begin PBXSourcesBuildPhase section */
		262469892C83635A00B7D580 /* Sources */ = {
			isa = PBXSourcesBuildPhase;
			buildActionMask = 2147483647;
			files = (
				9E4EAEB12D61D41C00916A77 /* SampleCodeUnitTests.swift in Sources */,
				9E4EAEBB2D61D54300916A77 /* UITableView+Extenstion.swift in Sources */,
				262469B82C838CC800B7D580 /* BaseRequest.swift in Sources */,
				262469BD2C83954A00B7D580 /* GraffitiRequest.swift in Sources */,
				262469952C83635B00B7D580 /* MainViewController.swift in Sources */,
				262469C32C84B02800B7D580 /* UIView+Extension.swift in Sources */,
				26E2EB772C8757800093DB51 /* MainScreenService.swift in Sources */,
				262469BB2C8393E400B7D580 /* BaseModel.swift in Sources */,
				262469B52C836A3C00B7D580 /* URLSession+Protocol.swift in Sources */,
				266BF9D32C88E4D40073AE94 /* MainScreenRouter.swift in Sources */,
				26E2EB792C877B180093DB51 /* MainCellConfig.swift in Sources */,
				264EF8E72C8B005400351ACA /* MainScreenCellPresenter.swift in Sources */,
				266BF9D52C88E53D0073AE94 /* DetailedScreenConfig.swift in Sources */,
				266BF9D72C88E7AF0073AE94 /* String+Extensions.swift in Sources */,
				262469B32C83687F00B7D580 /* Skeletonable.swift in Sources */,
				26E2EB7B2C8785680093DB51 /* MainScreenError.swift in Sources */,
				26E2EB732C8712680093DB51 /* URLSessionDataTask+Cancelable.swift in Sources */,
				262469AF2C83660800B7D580 /* MainScreenCell.swift in Sources */,
				262469AC2C83658C00B7D580 /* MainScreenPresenter.swift in Sources */,
				264EF8E92C8B2E3900351ACA /* MainScreenConfig.swift in Sources */,
				262469AA2C83652F00B7D580 /* MainScreenAssembly.swift in Sources */,
				262469912C83635B00B7D580 /* AppDelegate.swift in Sources */,
				266BF9C82C8891580073AE94 /* UIImage+Extensions.swift in Sources */,
				266BF9CF2C88DEF70073AE94 /* DetailedScreenAssembly.swift in Sources */,
				266BF9CD2C88DEA50073AE94 /* DetailedViewController.swift in Sources */,
				262469C52C84B28D00B7D580 /* ImageTagsView.swift in Sources */,
				266BF9CA2C88C2C90073AE94 /* Array+Extensions.swift in Sources */,
				262469A72C83643800B7D580 /* NetworkService.swift in Sources */,
				262469932C83635B00B7D580 /* SceneDelegate.swift in Sources */,
				9E4EAEB62D61D47400916A77 /* SampleCodeUITests.swift in Sources */,
				262469C72C862B9200B7D580 /* ServiceLocator.swift in Sources */,
				266BF9D12C88DFA30073AE94 /* DetailedScreenPresenter.swift in Sources */,
			);
			runOnlyForDeploymentPostprocessing = 0;
		};
/* End PBXSourcesBuildPhase section */

/* Begin PBXVariantGroup section */
		2624699B2C83635C00B7D580 /* LaunchScreen.storyboard */ = {
			isa = PBXVariantGroup;
			children = (
				2624699C2C83635C00B7D580 /* Base */,
			);
			name = LaunchScreen.storyboard;
			sourceTree = "<group>";
		};
/* End PBXVariantGroup section */

/* Begin XCBuildConfiguration section */
		2624699F2C83635C00B7D580 /* Debug */ = {
			isa = XCBuildConfiguration;
			buildSettings = {
				ALWAYS_SEARCH_USER_PATHS = NO;
				ASSETCATALOG_COMPILER_GENERATE_SWIFT_ASSET_SYMBOL_EXTENSIONS = YES;
				CLANG_ANALYZER_NONNULL = YES;
				CLANG_ANALYZER_NUMBER_OBJECT_CONVERSION = YES_AGGRESSIVE;
				CLANG_CXX_LANGUAGE_STANDARD = "gnu++20";
				CLANG_ENABLE_MODULES = YES;
				CLANG_ENABLE_OBJC_ARC = YES;
				CLANG_ENABLE_OBJC_WEAK = YES;
				CLANG_WARN_BLOCK_CAPTURE_AUTORELEASING = YES;
				CLANG_WARN_BOOL_CONVERSION = YES;
				CLANG_WARN_COMMA = YES;
				CLANG_WARN_CONSTANT_CONVERSION = YES;
				CLANG_WARN_DEPRECATED_OBJC_IMPLEMENTATIONS = YES;
				CLANG_WARN_DIRECT_OBJC_ISA_USAGE = YES_ERROR;
				CLANG_WARN_DOCUMENTATION_COMMENTS = YES;
				CLANG_WARN_EMPTY_BODY = YES;
				CLANG_WARN_ENUM_CONVERSION = YES;
				CLANG_WARN_INFINITE_RECURSION = YES;
				CLANG_WARN_INT_CONVERSION = YES;
				CLANG_WARN_NON_LITERAL_NULL_CONVERSION = YES;
				CLANG_WARN_OBJC_IMPLICIT_RETAIN_SELF = YES;
				CLANG_WARN_OBJC_LITERAL_CONVERSION = YES;
				CLANG_WARN_OBJC_ROOT_CLASS = YES_ERROR;
				CLANG_WARN_QUOTED_INCLUDE_IN_FRAMEWORK_HEADER = YES;
				CLANG_WARN_RANGE_LOOP_ANALYSIS = YES;
				CLANG_WARN_STRICT_PROTOTYPES = YES;
				CLANG_WARN_SUSPICIOUS_MOVE = YES;
				CLANG_WARN_UNGUARDED_AVAILABILITY = YES_AGGRESSIVE;
				CLANG_WARN_UNREACHABLE_CODE = YES;
				CLANG_WARN__DUPLICATE_METHOD_MATCH = YES;
				COPY_PHASE_STRIP = NO;
				DEBUG_INFORMATION_FORMAT = dwarf;
				ENABLE_STRICT_OBJC_MSGSEND = YES;
				ENABLE_TESTABILITY = YES;
				ENABLE_USER_SCRIPT_SANDBOXING = YES;
				GCC_C_LANGUAGE_STANDARD = gnu17;
				GCC_DYNAMIC_NO_PIC = NO;
				GCC_NO_COMMON_BLOCKS = YES;
				GCC_OPTIMIZATION_LEVEL = 0;
				GCC_PREPROCESSOR_DEFINITIONS = (
					"DEBUG=1",
					"$(inherited)",
				);
				GCC_WARN_64_TO_32_BIT_CONVERSION = YES;
				GCC_WARN_ABOUT_RETURN_TYPE = YES_ERROR;
				GCC_WARN_UNDECLARED_SELECTOR = YES;
				GCC_WARN_UNINITIALIZED_AUTOS = YES_AGGRESSIVE;
				GCC_WARN_UNUSED_FUNCTION = YES;
				GCC_WARN_UNUSED_VARIABLE = YES;
				IPHONEOS_DEPLOYMENT_TARGET = 18.0;
				LOCALIZATION_PREFERS_STRING_CATALOGS = YES;
				MTL_ENABLE_DEBUG_INFO = INCLUDE_SOURCE;
				MTL_FAST_MATH = YES;
				ONLY_ACTIVE_ARCH = YES;
				SDKROOT = iphoneos;
				SWIFT_ACTIVE_COMPILATION_CONDITIONS = "DEBUG $(inherited)";
				SWIFT_OPTIMIZATION_LEVEL = "-Onone";
			};
			name = Debug;
		};
		262469A02C83635C00B7D580 /* Release */ = {
			isa = XCBuildConfiguration;
			buildSettings = {
				ALWAYS_SEARCH_USER_PATHS = NO;
				ASSETCATALOG_COMPILER_GENERATE_SWIFT_ASSET_SYMBOL_EXTENSIONS = YES;
				CLANG_ANALYZER_NONNULL = YES;
				CLANG_ANALYZER_NUMBER_OBJECT_CONVERSION = YES_AGGRESSIVE;
				CLANG_CXX_LANGUAGE_STANDARD = "gnu++20";
				CLANG_ENABLE_MODULES = YES;
				CLANG_ENABLE_OBJC_ARC = YES;
				CLANG_ENABLE_OBJC_WEAK = YES;
				CLANG_WARN_BLOCK_CAPTURE_AUTORELEASING = YES;
				CLANG_WARN_BOOL_CONVERSION = YES;
				CLANG_WARN_COMMA = YES;
				CLANG_WARN_CONSTANT_CONVERSION = YES;
				CLANG_WARN_DEPRECATED_OBJC_IMPLEMENTATIONS = YES;
				CLANG_WARN_DIRECT_OBJC_ISA_USAGE = YES_ERROR;
				CLANG_WARN_DOCUMENTATION_COMMENTS = YES;
				CLANG_WARN_EMPTY_BODY = YES;
				CLANG_WARN_ENUM_CONVERSION = YES;
				CLANG_WARN_INFINITE_RECURSION = YES;
				CLANG_WARN_INT_CONVERSION = YES;
				CLANG_WARN_NON_LITERAL_NULL_CONVERSION = YES;
				CLANG_WARN_OBJC_IMPLICIT_RETAIN_SELF = YES;
				CLANG_WARN_OBJC_LITERAL_CONVERSION = YES;
				CLANG_WARN_OBJC_ROOT_CLASS = YES_ERROR;
				CLANG_WARN_QUOTED_INCLUDE_IN_FRAMEWORK_HEADER = YES;
				CLANG_WARN_RANGE_LOOP_ANALYSIS = YES;
				CLANG_WARN_STRICT_PROTOTYPES = YES;
				CLANG_WARN_SUSPICIOUS_MOVE = YES;
				CLANG_WARN_UNGUARDED_AVAILABILITY = YES_AGGRESSIVE;
				CLANG_WARN_UNREACHABLE_CODE = YES;
				CLANG_WARN__DUPLICATE_METHOD_MATCH = YES;
				COPY_PHASE_STRIP = NO;
				DEBUG_INFORMATION_FORMAT = "dwarf-with-dsym";
				ENABLE_NS_ASSERTIONS = NO;
				ENABLE_STRICT_OBJC_MSGSEND = YES;
				ENABLE_USER_SCRIPT_SANDBOXING = YES;
				GCC_C_LANGUAGE_STANDARD = gnu17;
				GCC_NO_COMMON_BLOCKS = YES;
				GCC_WARN_64_TO_32_BIT_CONVERSION = YES;
				GCC_WARN_ABOUT_RETURN_TYPE = YES_ERROR;
				GCC_WARN_UNDECLARED_SELECTOR = YES;
				GCC_WARN_UNINITIALIZED_AUTOS = YES_AGGRESSIVE;
				GCC_WARN_UNUSED_FUNCTION = YES;
				GCC_WARN_UNUSED_VARIABLE = YES;
				IPHONEOS_DEPLOYMENT_TARGET = 18.0;
				LOCALIZATION_PREFERS_STRING_CATALOGS = YES;
				MTL_ENABLE_DEBUG_INFO = NO;
				MTL_FAST_MATH = YES;
				SDKROOT = iphoneos;
				SWIFT_COMPILATION_MODE = wholemodule;
				VALIDATE_PRODUCT = YES;
			};
			name = Release;
		};
		262469A22C83635C00B7D580 /* Debug */ = {
			isa = XCBuildConfiguration;
			buildSettings = {
				ASSETCATALOG_COMPILER_APPICON_NAME = AppIcon;
				ASSETCATALOG_COMPILER_GLOBAL_ACCENT_COLOR_NAME = AccentColor;
				CODE_SIGN_STYLE = Automatic;
				CURRENT_PROJECT_VERSION = 1;
				DEVELOPMENT_TEAM = 6H23SU5HL3;
				GENERATE_INFOPLIST_FILE = YES;
				INFOPLIST_FILE = Test/Info.plist;
				INFOPLIST_KEY_UIApplicationSupportsIndirectInputEvents = YES;
				INFOPLIST_KEY_UILaunchStoryboardName = LaunchScreen;
				INFOPLIST_KEY_UISupportedInterfaceOrientations_iPad = "UIInterfaceOrientationPortrait UIInterfaceOrientationPortraitUpsideDown UIInterfaceOrientationLandscapeLeft UIInterfaceOrientationLandscapeRight";
				INFOPLIST_KEY_UISupportedInterfaceOrientations_iPhone = "UIInterfaceOrientationPortrait UIInterfaceOrientationLandscapeLeft UIInterfaceOrientationLandscapeRight";
				LD_RUNPATH_SEARCH_PATHS = (
					"$(inherited)",
					"@executable_path/Frameworks",
				);
				MARKETING_VERSION = 1.0;
				PRODUCT_BUNDLE_IDENTIFIER = AIMadeSimple.Test;
				PRODUCT_NAME = "$(TARGET_NAME)";
				SUPPORTED_PLATFORMS = "iphoneos iphonesimulator";
				SUPPORTS_MACCATALYST = NO;
				SUPPORTS_MAC_DESIGNED_FOR_IPHONE_IPAD = NO;
				SUPPORTS_XR_DESIGNED_FOR_IPHONE_IPAD = NO;
				SWIFT_EMIT_LOC_STRINGS = YES;
				SWIFT_VERSION = 5.0;
				TARGETED_DEVICE_FAMILY = 1;
			};
			name = Debug;
		};
		262469A32C83635C00B7D580 /* Release */ = {
			isa = XCBuildConfiguration;
			buildSettings = {
				ASSETCATALOG_COMPILER_APPICON_NAME = AppIcon;
				ASSETCATALOG_COMPILER_GLOBAL_ACCENT_COLOR_NAME = AccentColor;
				CODE_SIGN_STYLE = Automatic;
				CURRENT_PROJECT_VERSION = 1;
				DEVELOPMENT_TEAM = 6H23SU5HL3;
				GENERATE_INFOPLIST_FILE = YES;
				INFOPLIST_FILE = Test/Info.plist;
				INFOPLIST_KEY_UIApplicationSupportsIndirectInputEvents = YES;
				INFOPLIST_KEY_UILaunchStoryboardName = LaunchScreen;
				INFOPLIST_KEY_UISupportedInterfaceOrientations_iPad = "UIInterfaceOrientationPortrait UIInterfaceOrientationPortraitUpsideDown UIInterfaceOrientationLandscapeLeft UIInterfaceOrientationLandscapeRight";
				INFOPLIST_KEY_UISupportedInterfaceOrientations_iPhone = "UIInterfaceOrientationPortrait UIInterfaceOrientationLandscapeLeft UIInterfaceOrientationLandscapeRight";
				LD_RUNPATH_SEARCH_PATHS = (
					"$(inherited)",
					"@executable_path/Frameworks",
				);
				MARKETING_VERSION = 1.0;
				PRODUCT_BUNDLE_IDENTIFIER = AIMadeSimple.Test;
				PRODUCT_NAME = "$(TARGET_NAME)";
				SUPPORTED_PLATFORMS = "iphoneos iphonesimulator";
				SUPPORTS_MACCATALYST = NO;
				SUPPORTS_MAC_DESIGNED_FOR_IPHONE_IPAD = NO;
				SUPPORTS_XR_DESIGNED_FOR_IPHONE_IPAD = NO;
				SWIFT_EMIT_LOC_STRINGS = YES;
				SWIFT_VERSION = 5.0;
				TARGETED_DEVICE_FAMILY = 1;
			};
			name = Release;
		};
/* End XCBuildConfiguration section */

/* Begin XCConfigurationList section */
		262469882C83635A00B7D580 /* Build configuration list for PBXProject "Test" */ = {
			isa = XCConfigurationList;
			buildConfigurations = (
				2624699F2C83635C00B7D580 /* Debug */,
				262469A02C83635C00B7D580 /* Release */,
			);
			defaultConfigurationIsVisible = 0;
			defaultConfigurationName = Release;
		};
		262469A12C83635C00B7D580 /* Build configuration list for PBXNativeTarget "Test" */ = {
			isa = XCConfigurationList;
			buildConfigurations = (
				262469A22C83635C00B7D580 /* Debug */,
				262469A32C83635C00B7D580 /* Release */,
			);
			defaultConfigurationIsVisible = 0;
			defaultConfigurationName = Release;
		};
/* End XCConfigurationList section */
	};
	rootObject = 262469852C83635A00B7D580 /* Project object */;
}
